{
  "name": "riding",
  "lockfileVersion": 3,
  "requires": true,
  "packages": {
    "": {
      "dependencies": {
        "olamaps-web-sdk": "^1.4.0"
      }
    },
    "node_modules/olamaps-web-sdk": {
      "version": "1.4.0",
      "resolved": "https://registry.npmjs.org/olamaps-web-sdk/-/olamaps-web-sdk-1.4.0.tgz",
      "integrity": "sha512-fpwKWcNA4hiN3EriDZmVjk/AS5z7X+gGOXJgXqxL+u672DpjZVMpdtSRNPv9V2Ea88L7gu2h0ar17lGSIN3cPA==",
      "engines": {
        "node": ">=16.14.0",
        "npm": ">=8.1.0"
      }
    }
  }
}
